
Microsoft Visual Studio Solution File, Format Version 12.00
# Visual Studio Version 17
VisualStudioVersion = 17.11.35219.272
MinimumVisualStudioVersion = 10.0.40219.1
Project("{FAE04EC0-301F-11D3-BF4B-00C04F79EFBC}") = "Ejercicio2Comprar", "Ejercicio2Comprar.csproj", "{EEB3F3CE-0626-421D-96B7-309DFC5BEBEB}"
EndProject
Global
	GlobalSection(SolutionConfigurationPlatforms) = preSolution
		Debug|Any CPU = Debug|Any CPU
		Release|Any CPU = Release|Any CPU
	EndGlobalSection
	GlobalSection(ProjectConfigurationPlatforms) = postSolution
		{EEB3F3CE-0626-421D-96B7-309DFC5BEBEB}.Debug|Any CPU.ActiveCfg = Debug|Any CPU
		{EEB3F3CE-0626-421D-96B7-309DFC5BEBEB}.Debug|Any CPU.Build.0 = Debug|Any CPU
		{EEB3F3CE-0626-421D-96B7-309DFC5BEBEB}.Release|Any CPU.ActiveCfg = Release|Any CPU
		{EEB3F3CE-0626-421D-96B7-309DFC5BEBEB}.Release|Any CPU.Build.0 = Release|Any CPU
	EndGlobalSection
	GlobalSection(SolutionProperties) = preSolution
		HideSolutionNode = FALSE
	EndGlobalSection
	GlobalSection(ExtensibilityGlobals) = postSolution
		SolutionGuid = {62D02FFF-5647-4B94-B217-1FDC0AF36EE2}
	EndGlobalSection
EndGlobal
